
Microsoft Visual Studio Solution File, Format Version 12.00
# Visual Studio 2012
Project("{FAE04EC0-301F-11D3-BF4B-00C04F79EFBC}") = "VDFParser", "VDFParser\VDFParser.csproj", "{9543FB59-1EB6-4638-B24C-B12B9D4A15FC}"
EndProject
Project("{FAE04EC0-301F-11D3-BF4B-00C04F79EFBC}") = "VDFParserTests", "VDFParserTests\VDFParserTests.csproj", "{F080DE97-E69A-4D2F-B92A-794FE31A1733}"
EndProject
Global
	GlobalSection(SolutionConfigurationPlatforms) = preSolution
		Debug|Any CPU = Debug|Any CPU
		Release|Any CPU = Release|Any CPU
	EndGlobalSection
	GlobalSection(ProjectConfigurationPlatforms) = postSolution
		{9543FB59-1EB6-4638-B24C-B12B9D4A15FC}.Debug|Any CPU.ActiveCfg = Debug|Any CPU
		{9543FB59-1EB6-4638-B24C-B12B9D4A15FC}.Debug|Any CPU.Build.0 = Debug|Any CPU
		{9543FB59-1EB6-4638-B24C-B12B9D4A15FC}.Release|Any CPU.ActiveCfg = Release|Any CPU
		{9543FB59-1EB6-4638-B24C-B12B9D4A15FC}.Release|Any CPU.Build.0 = Release|Any CPU
		{F080DE97-E69A-4D2F-B92A-794FE31A1733}.Debug|Any CPU.ActiveCfg = Debug|Any CPU
		{F080DE97-E69A-4D2F-B92A-794FE31A1733}.Debug|Any CPU.Build.0 = Debug|Any CPU
		{F080DE97-E69A-4D2F-B92A-794FE31A1733}.Release|Any CPU.ActiveCfg = Release|Any CPU
		{F080DE97-E69A-4D2F-B92A-794FE31A1733}.Release|Any CPU.Build.0 = Release|Any CPU
	EndGlobalSection
EndGlobal
